// !$*UTF8*$!
{
	archiveVersion = 1;
	classes = {
	};
	objectVersion = 56;
	objects = {

/* Begin PBXBuildFile section */
		FBF2CD2E2B74D96100FC2BFD /* ToDoListAppApp.swift in Sources */ = {isa = PBXBuildFile; fileRef = FBF2CD2D2B74D96100FC2BFD /* ToDoListAppApp.swift */; };
		FBF2CD302B74D96100FC2BFD /* ContentView.swift in Sources */ = {isa = PBXBuildFile; fileRef = FBF2CD2F2B74D96100FC2BFD /* ContentView.swift */; };
		FBF2CD322B74D96500FC2BFD /* Assets.xcassets in Resources */ = {isa = PBXBuildFile; fileRef = FBF2CD312B74D96500FC2BFD /* Assets.xcassets */; };
		FBF2CD362B74D96500FC2BFD /* Preview Assets.xcassets in Resources */ = {isa = PBXBuildFile; fileRef = FBF2CD352B74D96500FC2BFD /* Preview Assets.xcassets */; };
		FBF2CD402B74D96600FC2BFD /* ToDoListAppTests.swift in Sources */ = {isa = PBXBuildFile; fileRef = FBF2CD3F2B74D96600FC2BFD /* ToDoListAppTests.swift */; };
		FBF2CD4A2B74D96600FC2BFD /* ToDoListAppUITests.swift in Sources */ = {isa = PBXBuildFile; fileRef = FBF2CD492B74D96600FC2BFD /* ToDoListAppUITests.swift */; };
		FBF2CD4C2B74D96600FC2BFD /* ToDoListAppUITestsLaunchTests.swift in Sources */ = {isa = PBXBuildFile; fileRef = FBF2CD4B2B74D96600FC2BFD /* ToDoListAppUITestsLaunchTests.swift */; };
		FBF2CD5A2B74DD5800FC2BFD /* FirebaseAuth in Frameworks */ = {isa = PBXBuildFile; productRef = FBF2CD592B74DD5800FC2BFD /* FirebaseAuth */; };
		FBF2CD5C2B74DD5800FC2BFD /* FirebaseFirestore in Frameworks */ = {isa = PBXBuildFile; productRef = FBF2CD5B2B74DD5800FC2BFD /* FirebaseFirestore */; };
		FBF2CD5E2B74DD5800FC2BFD /* FirebaseFirestoreSwift in Frameworks */ = {isa = PBXBuildFile; productRef = FBF2CD5D2B74DD5800FC2BFD /* FirebaseFirestoreSwift */; };
/* End PBXBuildFile section */

/* Begin PBXContainerItemProxy section */
		FBF2CD3C2B74D96600FC2BFD /* PBXContainerItemProxy */ = {
			isa = PBXContainerItemProxy;
			containerPortal = FBF2CD222B74D96000FC2BFD /* Project object */;
			proxyType = 1;
			remoteGlobalIDString = FBF2CD292B74D96100FC2BFD;
			remoteInfo = ToDoListApp;
		};
		FBF2CD462B74D96600FC2BFD /* PBXContainerItemProxy */ = {
			isa = PBXContainerItemProxy;
			containerPortal = FBF2CD222B74D96000FC2BFD /* Project object */;
			proxyType = 1;
			remoteGlobalIDString = FBF2CD292B74D96100FC2BFD;
			remoteInfo = ToDoListApp;
		};
/* End PBXContainerItemProxy section */

/* Begin PBXFileReference section */
		FBF2CD2A2B74D96100FC2BFD /* ToDoListApp.app */ = {isa = PBXFileReference; explicitFileType = wrapper.application; includeInIndex = 0; path = ToDoListApp.app; sourceTree = BUILT_PRODUCTS_DIR; };
		FBF2CD2D2B74D96100FC2BFD /* ToDoListAppApp.swift */ = {isa = PBXFileReference; lastKnownFileType = sourcecode.swift; path = ToDoListAppApp.swift; sourceTree = "<group>"; };
		FBF2CD2F2B74D96100FC2BFD /* ContentView.swift */ = {isa = PBXFileReference; lastKnownFileType = sourcecode.swift; path = ContentView.swift; sourceTree = "<group>"; };
		FBF2CD312B74D96500FC2BFD /* Assets.xcassets */ = {isa = PBXFileReference; lastKnownFileType = folder.assetcatalog; path = Assets.xcassets; sourceTree = "<group>"; };
		FBF2CD332B74D96500FC2BFD /* ToDoListApp.entitlements */ = {isa = PBXFileReference; lastKnownFileType = text.plist.entitlements; path = ToDoListApp.entitlements; sourceTree = "<group>"; };
		FBF2CD352B74D96500FC2BFD /* Preview Assets.xcassets */ = {isa = PBXFileReference; lastKnownFileType = folder.assetcatalog; path = "Preview Assets.xcassets"; sourceTree = "<group>"; };
		FBF2CD3B2B74D96600FC2BFD /* ToDoListAppTests.xctest */ = {isa = PBXFileReference; explicitFileType = wrapper.cfbundle; includeInIndex = 0; path = ToDoListAppTests.xctest; sourceTree = BUILT_PRODUCTS_DIR; };
		FBF2CD3F2B74D96600FC2BFD /* ToDoListAppTests.swift */ = {isa = PBXFileReference; lastKnownFileType = sourcecode.swift; path = ToDoListAppTests.swift; sourceTree = "<group>"; };
		FBF2CD452B74D96600FC2BFD /* ToDoListAppUITests.xctest */ = {isa = PBXFileReference; explicitFileType = wrapper.cfbundle; includeInIndex = 0; path = ToDoListAppUITests.xctest; sourceTree = BUILT_PRODUCTS_DIR; };
		FBF2CD492B74D96600FC2BFD /* ToDoListAppUITests.swift */ = {isa = PBXFileReference; lastKnownFileType = sourcecode.swift; path = ToDoListAppUITests.swift; sourceTree = "<group>"; };
		FBF2CD4B2B74D96600FC2BFD /* ToDoListAppUITestsLaunchTests.swift */ = {isa = PBXFileReference; lastKnownFileType = sourcecode.swift; path = ToDoListAppUITestsLaunchTests.swift; sourceTree = "<group>"; };
		FBF2CD652B74E40700FC2BFD /* GoogleService-Info.plist */ = {isa = PBXFileReference; lastKnownFileType = text.plist.xml; path = "GoogleService-Info.plist"; sourceTree = "<group>"; };
/* End PBXFileReference section */

/* Begin PBXFrameworksBuildPhase section */
		FBF2CD272B74D96100FC2BFD /* Frameworks */ = {
			isa = PBXFrameworksBuildPhase;
			buildActionMask = 2147483647;
			files = (
				FBF2CD5A2B74DD5800FC2BFD /* FirebaseAuth in Frameworks */,
				FBF2CD5C2B74DD5800FC2BFD /* FirebaseFirestore in Frameworks */,
				FBF2CD5E2B74DD5800FC2BFD /* FirebaseFirestoreSwift in Frameworks */,
			);
			runOnlyForDeploymentPostprocessing = 0;
		};
		FBF2CD382B74D96600FC2BFD /* Frameworks */ = {
			isa = PBXFrameworksBuildPhase;
			buildActionMask = 2147483647;
			files = (
			);
			runOnlyForDeploymentPostprocessing = 0;
		};
		FBF2CD422B74D96600FC2BFD /* Frameworks */ = {
			isa = PBXFrameworksBuildPhase;
			buildActionMask = 2147483647;
			files = (
			);
			runOnlyForDeploymentPostprocessing = 0;
		};
/* End PBXFrameworksBuildPhase section */

/* Begin PBXGroup section */
		FBF2CD212B74D96000FC2BFD = {
			isa = PBXGroup;
			children = (
				FBF2CD2C2B74D96100FC2BFD /* ToDoListApp */,
				FBF2CD3E2B74D96600FC2BFD /* ToDoListAppTests */,
				FBF2CD482B74D96600FC2BFD /* ToDoListAppUITests */,
				FBF2CD2B2B74D96100FC2BFD /* Products */,
			);
			sourceTree = "<group>";
		};
		FBF2CD2B2B74D96100FC2BFD /* Products */ = {
			isa = PBXGroup;
			children = (
				FBF2CD2A2B74D96100FC2BFD /* ToDoListApp.app */,
				FBF2CD3B2B74D96600FC2BFD /* ToDoListAppTests.xctest */,
				FBF2CD452B74D96600FC2BFD /* ToDoListAppUITests.xctest */,
			);
			name = Products;
			sourceTree = "<group>";
		};
		FBF2CD2C2B74D96100FC2BFD /* ToDoListApp */ = {
			isa = PBXGroup;
			children = (
				FBF2CD642B74E3F100FC2BFD /* Other */,
				FBF2CD632B74E3AC00FC2BFD /* Models */,
				FBF2CD622B74E39700FC2BFD /* ViewModels */,
				FBF2CD612B74E36000FC2BFD /* Views */,
				FBF2CD332B74D96500FC2BFD /* ToDoListApp.entitlements */,
				FBF2CD342B74D96500FC2BFD /* Preview Content */,
			);
			path = ToDoListApp;
			sourceTree = "<group>";
		};
		FBF2CD342B74D96500FC2BFD /* Preview Content */ = {
			isa = PBXGroup;
			children = (
				FBF2CD352B74D96500FC2BFD /* Preview Assets.xcassets */,
			);
			path = "Preview Content";
			sourceTree = "<group>";
		};
		FBF2CD3E2B74D96600FC2BFD /* ToDoListAppTests */ = {
			isa = PBXGroup;
			children = (
				FBF2CD3F2B74D96600FC2BFD /* ToDoListAppTests.swift */,
			);
			path = ToDoListAppTests;
			sourceTree = "<group>";
		};
		FBF2CD482B74D96600FC2BFD /* ToDoListAppUITests */ = {
			isa = PBXGroup;
			children = (
				FBF2CD492B74D96600FC2BFD /* ToDoListAppUITests.swift */,
				FBF2CD4B2B74D96600FC2BFD /* ToDoListAppUITestsLaunchTests.swift */,
			);
			path = ToDoListAppUITests;
			sourceTree = "<group>";
		};
		FBF2CD612B74E36000FC2BFD /* Views */ = {
			isa = PBXGroup;
			children = (
				FBF2CD2F2B74D96100FC2BFD /* ContentView.swift */,
			);
			path = Views;
			sourceTree = "<group>";
		};
		FBF2CD622B74E39700FC2BFD /* ViewModels */ = {
			isa = PBXGroup;
			children = (
			);
			path = ViewModels;
			sourceTree = "<group>";
		};
		FBF2CD632B74E3AC00FC2BFD /* Models */ = {
			isa = PBXGroup;
			children = (
			);
			path = Models;
			sourceTree = "<group>";
		};
		FBF2CD642B74E3F100FC2BFD /* Other */ = {
			isa = PBXGroup;
			children = (
				FBF2CD312B74D96500FC2BFD /* Assets.xcassets */,
				FBF2CD652B74E40700FC2BFD /* GoogleService-Info.plist */,
				FBF2CD2D2B74D96100FC2BFD /* ToDoListAppApp.swift */,
			);
			path = Other;
			sourceTree = "<group>";
		};
/* End PBXGroup section */

/* Begin PBXNativeTarget section */
		FBF2CD292B74D96100FC2BFD /* ToDoListApp */ = {
			isa = PBXNativeTarget;
			buildConfigurationList = FBF2CD4F2B74D96600FC2BFD /* Build configuration list for PBXNativeTarget "ToDoListApp" */;
			buildPhases = (
				FBF2CD262B74D96100FC2BFD /* Sources */,
				FBF2CD272B74D96100FC2BFD /* Frameworks */,
				FBF2CD282B74D96100FC2BFD /* Resources */,
			);
			buildRules = (
			);
			dependencies = (
			);
			name = ToDoListApp;
			packageProductDependencies = (
				FBF2CD592B74DD5800FC2BFD /* FirebaseAuth */,
				FBF2CD5B2B74DD5800FC2BFD /* FirebaseFirestore */,
				FBF2CD5D2B74DD5800FC2BFD /* FirebaseFirestoreSwift */,
			);
			productName = ToDoListApp;
			productReference = FBF2CD2A2B74D96100FC2BFD /* ToDoListApp.app */;
			productType = "com.apple.product-type.application";
		};
		FBF2CD3A2B74D96600FC2BFD /* ToDoListAppTests */ = {
			isa = PBXNativeTarget;
			buildConfigurationList = FBF2CD522B74D96600FC2BFD /* Build configuration list for PBXNativeTarget "ToDoListAppTests" */;
			buildPhases = (
				FBF2CD372B74D96600FC2BFD /* Sources */,
				FBF2CD382B74D96600FC2BFD /* Frameworks */,
				FBF2CD392B74D96600FC2BFD /* Resources */,
			);
			buildRules = (
			);
			dependencies = (
				FBF2CD3D2B74D96600FC2BFD /* PBXTargetDependency */,
			);
			name = ToDoListAppTests;
			productName = ToDoListAppTests;
			productReference = FBF2CD3B2B74D96600FC2BFD /* ToDoListAppTests.xctest */;
			productType = "com.apple.product-type.bundle.unit-test";
		};
		FBF2CD442B74D96600FC2BFD /* ToDoListAppUITests */ = {
			isa = PBXNativeTarget;
			buildConfigurationList = FBF2CD552B74D96600FC2BFD /* Build configuration list for PBXNativeTarget "ToDoListAppUITests" */;
			buildPhases = (
				FBF2CD412B74D96600FC2BFD /* Sources */,
				FBF2CD422B74D96600FC2BFD /* Frameworks */,
				FBF2CD432B74D96600FC2BFD /* Resources */,
			);
			buildRules = (
			);
			dependencies = (
				FBF2CD472B74D96600FC2BFD /* PBXTargetDependency */,
			);
			name = ToDoListAppUITests;
			productName = ToDoListAppUITests;
			productReference = FBF2CD452B74D96600FC2BFD /* ToDoListAppUITests.xctest */;
			productType = "com.apple.product-type.bundle.ui-testing";
		};
/* End PBXNativeTarget section */

/* Begin PBXProject section */
		FBF2CD222B74D96000FC2BFD /* Project object */ = {
			isa = PBXProject;
			attributes = {
				BuildIndependentTargetsInParallel = 1;
				LastSwiftUpdateCheck = 1420;
				LastUpgradeCheck = 1420;
				TargetAttributes = {
					FBF2CD292B74D96100FC2BFD = {
						CreatedOnToolsVersion = 14.2;
					};
					FBF2CD3A2B74D96600FC2BFD = {
						CreatedOnToolsVersion = 14.2;
						TestTargetID = FBF2CD292B74D96100FC2BFD;
					};
					FBF2CD442B74D96600FC2BFD = {
						CreatedOnToolsVersion = 14.2;
						TestTargetID = FBF2CD292B74D96100FC2BFD;
					};
				};
			};
			buildConfigurationList = FBF2CD252B74D96000FC2BFD /* Build configuration list for PBXProject "ToDoListApp" */;
			compatibilityVersion = "Xcode 14.0";
			developmentRegion = en;
			hasScannedForEncodings = 0;
			knownRegions = (
				en,
				Base,
			);
			mainGroup = FBF2CD212B74D96000FC2BFD;
			packageReferences = (
				FBF2CD582B74DD5800FC2BFD /* XCRemoteSwiftPackageReference "firebase-ios-sdk" */,
			);
			productRefGroup = FBF2CD2B2B74D96100FC2BFD /* Products */;
			projectDirPath = "";
			projectRoot = "";
			targets = (
				FBF2CD292B74D96100FC2BFD /* ToDoListApp */,
				FBF2CD3A2B74D96600FC2BFD /* ToDoListAppTests */,
				FBF2CD442B74D96600FC2BFD /* ToDoListAppUITests */,
			);
		};
/* End PBXProject section */

/* Begin PBXResourcesBuildPhase section */
		FBF2CD282B74D96100FC2BFD /* Resources */ = {
			isa = PBXResourcesBuildPhase;
			buildActionMask = 2147483647;
			files = (
				FBF2CD362B74D96500FC2BFD /* Preview Assets.xcassets in Resources */,
				FBF2CD322B74D96500FC2BFD /* Assets.xcassets in Resources */,
			);
			runOnlyForDeploymentPostprocessing = 0;
		};
		FBF2CD392B74D96600FC2BFD /* Resources */ = {
			isa = PBXResourcesBuildPhase;
			buildActionMask = 2147483647;
			files = (
			);
			runOnlyForDeploymentPostprocessing = 0;
		};
		FBF2CD432B74D96600FC2BFD /* Resources */ = {
			isa = PBXResourcesBuildPhase;
			buildActionMask = 2147483647;
			files = (
			);
			runOnlyForDeploymentPostprocessing = 0;
		};
/* End PBXResourcesBuildPhase section */

/* Begin PBXSourcesBuildPhase section */
		FBF2CD262B74D96100FC2BFD /* Sources */ = {
			isa = PBXSourcesBuildPhase;
			buildActionMask = 2147483647;
			files = (
				FBF2CD302B74D96100FC2BFD /* ContentView.swift in Sources */,
				FBF2CD2E2B74D96100FC2BFD /* ToDoListAppApp.swift in Sources */,
			);
			runOnlyForDeploymentPostprocessing = 0;
		};
		FBF2CD372B74D96600FC2BFD /* Sources */ = {
			isa = PBXSourcesBuildPhase;
			buildActionMask = 2147483647;
			files = (
				FBF2CD402B74D96600FC2BFD /* ToDoListAppTests.swift in Sources */,
			);
			runOnlyForDeploymentPostprocessing = 0;
		};
		FBF2CD412B74D96600FC2BFD /* Sources */ = {
			isa = PBXSourcesBuildPhase;
			buildActionMask = 2147483647;
			files = (
				FBF2CD4C2B74D96600FC2BFD /* ToDoListAppUITestsLaunchTests.swift in Sources */,
				FBF2CD4A2B74D96600FC2BFD /* ToDoListAppUITests.swift in Sources */,
			);
			runOnlyForDeploymentPostprocessing = 0;
		};
/* End PBXSourcesBuildPhase section */

/* Begin PBXTargetDependency section */
		FBF2CD3D2B74D96600FC2BFD /* PBXTargetDependency */ = {
			isa = PBXTargetDependency;
			target = FBF2CD292B74D96100FC2BFD /* ToDoListApp */;
			targetProxy = FBF2CD3C2B74D96600FC2BFD /* PBXContainerItemProxy */;
		};
		FBF2CD472B74D96600FC2BFD /* PBXTargetDependency */ = {
			isa = PBXTargetDependency;
			target = FBF2CD292B74D96100FC2BFD /* ToDoListApp */;
			targetProxy = FBF2CD462B74D96600FC2BFD /* PBXContainerItemProxy */;
		};
/* End PBXTargetDependency section */

/* Begin XCBuildConfiguration section */
		FBF2CD4D2B74D96600FC2BFD /* Debug */ = {
			isa = XCBuildConfiguration;
			buildSettings = {
				ALWAYS_SEARCH_USER_PATHS = NO;
				CLANG_ANALYZER_NONNULL = YES;
				CLANG_ANALYZER_NUMBER_OBJECT_CONVERSION = YES_AGGRESSIVE;
				CLANG_CXX_LANGUAGE_STANDARD = "gnu++20";
				CLANG_ENABLE_MODULES = YES;
				CLANG_ENABLE_OBJC_ARC = YES;
				CLANG_ENABLE_OBJC_WEAK = YES;
				CLANG_WARN_BLOCK_CAPTURE_AUTORELEASING = YES;
				CLANG_WARN_BOOL_CONVERSION = YES;
				CLANG_WARN_COMMA = YES;
				CLANG_WARN_CONSTANT_CONVERSION = YES;
				CLANG_WARN_DEPRECATED_OBJC_IMPLEMENTATIONS = YES;
				CLANG_WARN_DIRECT_OBJC_ISA_USAGE = YES_ERROR;
				CLANG_WARN_DOCUMENTATION_COMMENTS = YES;
				CLANG_WARN_EMPTY_BODY = YES;
				CLANG_WARN_ENUM_CONVERSION = YES;
				CLANG_WARN_INFINITE_RECURSION = YES;
				CLANG_WARN_INT_CONVERSION = YES;
				CLANG_WARN_NON_LITERAL_NULL_CONVERSION = YES;
				CLANG_WARN_OBJC_IMPLICIT_RETAIN_SELF = YES;
				CLANG_WARN_OBJC_LITERAL_CONVERSION = YES;
				CLANG_WARN_OBJC_ROOT_CLASS = YES_ERROR;
				CLANG_WARN_QUOTED_INCLUDE_IN_FRAMEWORK_HEADER = YES;
				CLANG_WARN_RANGE_LOOP_ANALYSIS = YES;
				CLANG_WARN_STRICT_PROTOTYPES = YES;
				CLANG_WARN_SUSPICIOUS_MOVE = YES;
				CLANG_WARN_UNGUARDED_AVAILABILITY = YES_AGGRESSIVE;
				CLANG_WARN_UNREACHABLE_CODE = YES;
				CLANG_WARN__DUPLICATE_METHOD_MATCH = YES;
				COPY_PHASE_STRIP = NO;
				DEBUG_INFORMATION_FORMAT = dwarf;
				ENABLE_STRICT_OBJC_MSGSEND = YES;
				ENABLE_TESTABILITY = YES;
				GCC_C_LANGUAGE_STANDARD = gnu11;
				GCC_DYNAMIC_NO_PIC = NO;
				GCC_NO_COMMON_BLOCKS = YES;
				GCC_OPTIMIZATION_LEVEL = 0;
				GCC_PREPROCESSOR_DEFINITIONS = (
					"DEBUG=1",
					"$(inherited)",
				);
				GCC_WARN_64_TO_32_BIT_CONVERSION = YES;
				GCC_WARN_ABOUT_RETURN_TYPE = YES_ERROR;
				GCC_WARN_UNDECLARED_SELECTOR = YES;
				GCC_WARN_UNINITIALIZED_AUTOS = YES_AGGRESSIVE;
				GCC_WARN_UNUSED_FUNCTION = YES;
				GCC_WARN_UNUSED_VARIABLE = YES;
				MTL_ENABLE_DEBUG_INFO = INCLUDE_SOURCE;
				MTL_FAST_MATH = YES;
				ONLY_ACTIVE_ARCH = YES;
				SWIFT_ACTIVE_COMPILATION_CONDITIONS = DEBUG;
				SWIFT_OPTIMIZATION_LEVEL = "-Onone";
			};
			name = Debug;
		};
		FBF2CD4E2B74D96600FC2BFD /* Release */ = {
			isa = XCBuildConfiguration;
			buildSettings = {
				ALWAYS_SEARCH_USER_PATHS = NO;
				CLANG_ANALYZER_NONNULL = YES;
				CLANG_ANALYZER_NUMBER_OBJECT_CONVERSION = YES_AGGRESSIVE;
				CLANG_CXX_LANGUAGE_STANDARD = "gnu++20";
				CLANG_ENABLE_MODULES = YES;
				CLANG_ENABLE_OBJC_ARC = YES;
				CLANG_ENABLE_OBJC_WEAK = YES;
				CLANG_WARN_BLOCK_CAPTURE_AUTORELEASING = YES;
				CLANG_WARN_BOOL_CONVERSION = YES;
				CLANG_WARN_COMMA = YES;
				CLANG_WARN_CONSTANT_CONVERSION = YES;
				CLANG_WARN_DEPRECATED_OBJC_IMPLEMENTATIONS = YES;
				CLANG_WARN_DIRECT_OBJC_ISA_USAGE = YES_ERROR;
				CLANG_WARN_DOCUMENTATION_COMMENTS = YES;
				CLANG_WARN_EMPTY_BODY = YES;
				CLANG_WARN_ENUM_CONVERSION = YES;
				CLANG_WARN_INFINITE_RECURSION = YES;
				CLANG_WARN_INT_CONVERSION = YES;
				CLANG_WARN_NON_LITERAL_NULL_CONVERSION = YES;
				CLANG_WARN_OBJC_IMPLICIT_RETAIN_SELF = YES;
				CLANG_WARN_OBJC_LITERAL_CONVERSION = YES;
				CLANG_WARN_OBJC_ROOT_CLASS = YES_ERROR;
				CLANG_WARN_QUOTED_INCLUDE_IN_FRAMEWORK_HEADER = YES;
				CLANG_WARN_RANGE_LOOP_ANALYSIS = YES;
				CLANG_WARN_STRICT_PROTOTYPES = YES;
				CLANG_WARN_SUSPICIOUS_MOVE = YES;
				CLANG_WARN_UNGUARDED_AVAILABILITY = YES_AGGRESSIVE;
				CLANG_WARN_UNREACHABLE_CODE = YES;
				CLANG_WARN__DUPLICATE_METHOD_MATCH = YES;
				COPY_PHASE_STRIP = NO;
				DEBUG_INFORMATION_FORMAT = "dwarf-with-dsym";
				ENABLE_NS_ASSERTIONS = NO;
				ENABLE_STRICT_OBJC_MSGSEND = YES;
				GCC_C_LANGUAGE_STANDARD = gnu11;
				GCC_NO_COMMON_BLOCKS = YES;
				GCC_WARN_64_TO_32_BIT_CONVERSION = YES;
				GCC_WARN_ABOUT_RETURN_TYPE = YES_ERROR;
				GCC_WARN_UNDECLARED_SELECTOR = YES;
				GCC_WARN_UNINITIALIZED_AUTOS = YES_AGGRESSIVE;
				GCC_WARN_UNUSED_FUNCTION = YES;
				GCC_WARN_UNUSED_VARIABLE = YES;
				MTL_ENABLE_DEBUG_INFO = NO;
				MTL_FAST_MATH = YES;
				SWIFT_COMPILATION_MODE = wholemodule;
				SWIFT_OPTIMIZATION_LEVEL = "-O";
			};
			name = Release;
		};
		FBF2CD502B74D96600FC2BFD /* Debug */ = {
			isa = XCBuildConfiguration;
			buildSettings = {
				ASSETCATALOG_COMPILER_APPICON_NAME = AppIcon;
				ASSETCATALOG_COMPILER_GLOBAL_ACCENT_COLOR_NAME = AccentColor;
				CODE_SIGN_ENTITLEMENTS = ToDoListApp/ToDoListApp.entitlements;
				CODE_SIGN_STYLE = Automatic;
				CURRENT_PROJECT_VERSION = 1;
				DEVELOPMENT_ASSET_PATHS = "\"ToDoListApp/Preview Content\"";
				DEVELOPMENT_TEAM = FFHT6L7G25;
				ENABLE_HARDENED_RUNTIME = YES;
				ENABLE_PREVIEWS = YES;
				GENERATE_INFOPLIST_FILE = YES;
				INFOPLIST_KEY_CFBundleDisplayName = "To Do List";
				"INFOPLIST_KEY_UIApplicationSceneManifest_Generation[sdk=iphoneos*]" = YES;
				"INFOPLIST_KEY_UIApplicationSceneManifest_Generation[sdk=iphonesimulator*]" = YES;
				"INFOPLIST_KEY_UIApplicationSupportsIndirectInputEvents[sdk=iphoneos*]" = YES;
				"INFOPLIST_KEY_UIApplicationSupportsIndirectInputEvents[sdk=iphonesimulator*]" = YES;
				"INFOPLIST_KEY_UILaunchScreen_Generation[sdk=iphoneos*]" = YES;
				"INFOPLIST_KEY_UILaunchScreen_Generation[sdk=iphonesimulator*]" = YES;
				"INFOPLIST_KEY_UIStatusBarStyle[sdk=iphoneos*]" = UIStatusBarStyleDefault;
				"INFOPLIST_KEY_UIStatusBarStyle[sdk=iphonesimulator*]" = UIStatusBarStyleDefault;
				INFOPLIST_KEY_UISupportedInterfaceOrientations = UIInterfaceOrientationPortrait;
				IPHONEOS_DEPLOYMENT_TARGET = 16.2;
				LD_RUNPATH_SEARCH_PATHS = "@executable_path/Frameworks";
				"LD_RUNPATH_SEARCH_PATHS[sdk=macosx*]" = "@executable_path/../Frameworks";
				MACOSX_DEPLOYMENT_TARGET = 12.7;
				MARKETING_VERSION = 1.0;
				PRODUCT_BUNDLE_IDENTIFIER = com.todolistapp.ToDoListApp;
				PRODUCT_NAME = "$(TARGET_NAME)";
				SDKROOT = auto;
				SUPPORTED_PLATFORMS = "iphoneos iphonesimulator macosx";
				SWIFT_EMIT_LOC_STRINGS = YES;
				SWIFT_VERSION = 5.0;
				TARGETED_DEVICE_FAMILY = "1,2";
			};
			name = Debug;
		};
		FBF2CD512B74D96600FC2BFD /* Release */ = {
			isa = XCBuildConfiguration;
			buildSettings = {
				ASSETCATALOG_COMPILER_APPICON_NAME = AppIcon;
				ASSETCATALOG_COMPILER_GLOBAL_ACCENT_COLOR_NAME = AccentColor;
				CODE_SIGN_ENTITLEMENTS = ToDoListApp/ToDoListApp.entitlements;
				CODE_SIGN_STYLE = Automatic;
				CURRENT_PROJECT_VERSION = 1;
				DEVELOPMENT_ASSET_PATHS = "\"ToDoListApp/Preview Content\"";
				DEVELOPMENT_TEAM = FFHT6L7G25;
				ENABLE_HARDENED_RUNTIME = YES;
				ENABLE_PREVIEWS = YES;
				GENERATE_INFOPLIST_FILE = YES;
				INFOPLIST_KEY_CFBundleDisplayName = "To Do List";
				"INFOPLIST_KEY_UIApplicationSceneManifest_Generation[sdk=iphoneos*]" = YES;
				"INFOPLIST_KEY_UIApplicationSceneManifest_Generation[sdk=iphonesimulator*]" = YES;
				"INFOPLIST_KEY_UIApplicationSupportsIndirectInputEvents[sdk=iphoneos*]" = YES;
				"INFOPLIST_KEY_UIApplicationSupportsIndirectInputEvents[sdk=iphonesimulator*]" = YES;
				"INFOPLIST_KEY_UILaunchScreen_Generation[sdk=iphoneos*]" = YES;
				"INFOPLIST_KEY_UILaunchScreen_Generation[sdk=iphonesimulator*]" = YES;
				"INFOPLIST_KEY_UIStatusBarStyle[sdk=iphoneos*]" = UIStatusBarStyleDefault;
				"INFOPLIST_KEY_UIStatusBarStyle[sdk=iphonesimulator*]" = UIStatusBarStyleDefault;
				INFOPLIST_KEY_UISupportedInterfaceOrientations = UIInterfaceOrientationPortrait;
				IPHONEOS_DEPLOYMENT_TARGET = 16.2;
				LD_RUNPATH_SEARCH_PATHS = "@executable_path/Frameworks";
				"LD_RUNPATH_SEARCH_PATHS[sdk=macosx*]" = "@executable_path/../Frameworks";
				MACOSX_DEPLOYMENT_TARGET = 12.7;
				MARKETING_VERSION = 1.0;
				PRODUCT_BUNDLE_IDENTIFIER = com.todolistapp.ToDoListApp;
				PRODUCT_NAME = "$(TARGET_NAME)";
				SDKROOT = auto;
				SUPPORTED_PLATFORMS = "iphoneos iphonesimulator macosx";
				SWIFT_EMIT_LOC_STRINGS = YES;
				SWIFT_VERSION = 5.0;
				TARGETED_DEVICE_FAMILY = "1,2";
			};
			name = Release;
		};
		FBF2CD532B74D96600FC2BFD /* Debug */ = {
			isa = XCBuildConfiguration;
			buildSettings = {
				ALWAYS_EMBED_SWIFT_STANDARD_LIBRARIES = YES;
				BUNDLE_LOADER = "$(TEST_HOST)";
				CODE_SIGN_STYLE = Automatic;
				CURRENT_PROJECT_VERSION = 1;
				DEVELOPMENT_TEAM = FFHT6L7G25;
				GENERATE_INFOPLIST_FILE = YES;
				IPHONEOS_DEPLOYMENT_TARGET = 16.2;
				MACOSX_DEPLOYMENT_TARGET = 12.7;
				MARKETING_VERSION = 1.0;
				PRODUCT_BUNDLE_IDENTIFIER = com.todolistapp.ToDoListAppTests;
				PRODUCT_NAME = "$(TARGET_NAME)";
				SDKROOT = auto;
				SUPPORTED_PLATFORMS = "iphoneos iphonesimulator macosx";
				SWIFT_EMIT_LOC_STRINGS = NO;
				SWIFT_VERSION = 5.0;
				TARGETED_DEVICE_FAMILY = "1,2";
				TEST_HOST = "$(BUILT_PRODUCTS_DIR)/ToDoListApp.app/$(BUNDLE_EXECUTABLE_FOLDER_PATH)/ToDoListApp";
			};
			name = Debug;
		};
		FBF2CD542B74D96600FC2BFD /* Release */ = {
			isa = XCBuildConfiguration;
			buildSettings = {
				ALWAYS_EMBED_SWIFT_STANDARD_LIBRARIES = YES;
				BUNDLE_LOADER = "$(TEST_HOST)";
				CODE_SIGN_STYLE = Automatic;
				CURRENT_PROJECT_VERSION = 1;
				DEVELOPMENT_TEAM = FFHT6L7G25;
				GENERATE_INFOPLIST_FILE = YES;
				IPHONEOS_DEPLOYMENT_TARGET = 16.2;
				MACOSX_DEPLOYMENT_TARGET = 12.7;
				MARKETING_VERSION = 1.0;
				PRODUCT_BUNDLE_IDENTIFIER = com.todolistapp.ToDoListAppTests;
				PRODUCT_NAME = "$(TARGET_NAME)";
				SDKROOT = auto;
				SUPPORTED_PLATFORMS = "iphoneos iphonesimulator macosx";
				SWIFT_EMIT_LOC_STRINGS = NO;
				SWIFT_VERSION = 5.0;
				TARGETED_DEVICE_FAMILY = "1,2";
				TEST_HOST = "$(BUILT_PRODUCTS_DIR)/ToDoListApp.app/$(BUNDLE_EXECUTABLE_FOLDER_PATH)/ToDoListApp";
			};
			name = Release;
		};
		FBF2CD562B74D96600FC2BFD /* Debug */ = {
			isa = XCBuildConfiguration;
			buildSettings = {
				ALWAYS_EMBED_SWIFT_STANDARD_LIBRARIES = YES;
				CODE_SIGN_STYLE = Automatic;
				CURRENT_PROJECT_VERSION = 1;
				DEVELOPMENT_TEAM = FFHT6L7G25;
				GENERATE_INFOPLIST_FILE = YES;
				IPHONEOS_DEPLOYMENT_TARGET = 16.2;
				MACOSX_DEPLOYMENT_TARGET = 12.7;
				MARKETING_VERSION = 1.0;
				PRODUCT_BUNDLE_IDENTIFIER = com.todolistapp.ToDoListAppUITests;
				PRODUCT_NAME = "$(TARGET_NAME)";
				SDKROOT = auto;
				SUPPORTED_PLATFORMS = "iphoneos iphonesimulator macosx";
				SWIFT_EMIT_LOC_STRINGS = NO;
				SWIFT_VERSION = 5.0;
				TARGETED_DEVICE_FAMILY = "1,2";
				TEST_TARGET_NAME = ToDoListApp;
			};
			name = Debug;
		};
		FBF2CD572B74D96600FC2BFD /* Release */ = {
			isa = XCBuildConfiguration;
			buildSettings = {
				ALWAYS_EMBED_SWIFT_STANDARD_LIBRARIES = YES;
				CODE_SIGN_STYLE = Automatic;
				CURRENT_PROJECT_VERSION = 1;
				DEVELOPMENT_TEAM = FFHT6L7G25;
				GENERATE_INFOPLIST_FILE = YES;
				IPHONEOS_DEPLOYMENT_TARGET = 16.2;
				MACOSX_DEPLOYMENT_TARGET = 12.7;
				MARKETING_VERSION = 1.0;
				PRODUCT_BUNDLE_IDENTIFIER = com.todolistapp.ToDoListAppUITests;
				PRODUCT_NAME = "$(TARGET_NAME)";
				SDKROOT = auto;
				SUPPORTED_PLATFORMS = "iphoneos iphonesimulator macosx";
				SWIFT_EMIT_LOC_STRINGS = NO;
				SWIFT_VERSION = 5.0;
				TARGETED_DEVICE_FAMILY = "1,2";
				TEST_TARGET_NAME = ToDoListApp;
			};
			name = Release;
		};
/* End XCBuildConfiguration section */

/* Begin XCConfigurationList section */
		FBF2CD252B74D96000FC2BFD /* Build configuration list for PBXProject "ToDoListApp" */ = {
			isa = XCConfigurationList;
			buildConfigurations = (
				FBF2CD4D2B74D96600FC2BFD /* Debug */,
				FBF2CD4E2B74D96600FC2BFD /* Release */,
			);
			defaultConfigurationIsVisible = 0;
			defaultConfigurationName = Release;
		};
		FBF2CD4F2B74D96600FC2BFD /* Build configuration list for PBXNativeTarget "ToDoListApp" */ = {
			isa = XCConfigurationList;
			buildConfigurations = (
				FBF2CD502B74D96600FC2BFD /* Debug */,
				FBF2CD512B74D96600FC2BFD /* Release */,
			);
			defaultConfigurationIsVisible = 0;
			defaultConfigurationName = Release;
		};
		FBF2CD522B74D96600FC2BFD /* Build configuration list for PBXNativeTarget "ToDoListAppTests" */ = {
			isa = XCConfigurationList;
			buildConfigurations = (
				FBF2CD532B74D96600FC2BFD /* Debug */,
				FBF2CD542B74D96600FC2BFD /* Release */,
			);
			defaultConfigurationIsVisible = 0;
			defaultConfigurationName = Release;
		};
		FBF2CD552B74D96600FC2BFD /* Build configuration list for PBXNativeTarget "ToDoListAppUITests" */ = {
			isa = XCConfigurationList;
			buildConfigurations = (
				FBF2CD562B74D96600FC2BFD /* Debug */,
				FBF2CD572B74D96600FC2BFD /* Release */,
			);
			defaultConfigurationIsVisible = 0;
			defaultConfigurationName = Release;
		};
/* End XCConfigurationList section */

/* Begin XCRemoteSwiftPackageReference section */
		FBF2CD582B74DD5800FC2BFD /* XCRemoteSwiftPackageReference "firebase-ios-sdk" */ = {
			isa = XCRemoteSwiftPackageReference;
			repositoryURL = "https://github.com/firebase/firebase-ios-sdk.git";
			requirement = {
				kind = upToNextMajorVersion;
				minimumVersion = 9.0.0;
			};
		};
/* End XCRemoteSwiftPackageReference section */

/* Begin XCSwiftPackageProductDependency section */
		FBF2CD592B74DD5800FC2BFD /* FirebaseAuth */ = {
			isa = XCSwiftPackageProductDependency;
			package = FBF2CD582B74DD5800FC2BFD /* XCRemoteSwiftPackageReference "firebase-ios-sdk" */;
			productName = FirebaseAuth;
		};
		FBF2CD5B2B74DD5800FC2BFD /* FirebaseFirestore */ = {
			isa = XCSwiftPackageProductDependency;
			package = FBF2CD582B74DD5800FC2BFD /* XCRemoteSwiftPackageReference "firebase-ios-sdk" */;
			productName = FirebaseFirestore;
		};
		FBF2CD5D2B74DD5800FC2BFD /* FirebaseFirestoreSwift */ = {
			isa = XCSwiftPackageProductDependency;
			package = FBF2CD582B74DD5800FC2BFD /* XCRemoteSwiftPackageReference "firebase-ios-sdk" */;
			productName = FirebaseFirestoreSwift;
		};
/* End XCSwiftPackageProductDependency section */
	};
	rootObject = FBF2CD222B74D96000FC2BFD /* Project object */;
}
